
Microsoft Visual Studio Solution File, Format Version 12.00
# Visual Studio Version 17
VisualStudioVersion = 17.8.34330.188
MinimumVisualStudioVersion = 10.0.40219.1
Project("{9A19103F-16F7-4668-BE54-9A1E7A4F7556}") = "trackingapi", "trackingapi\trackingapi.csproj", "{D70B50E4-E9C9-42B0-90B2-5441417A04B6}"
EndProject
Project("{9A19103F-16F7-4668-BE54-9A1E7A4F7556}") = "tracking.client", "tracking.client\tracking.client.csproj", "{1E0EA91F-C384-4482-BD45-FC5C3A2B6A5A}"
EndProject
Global
	GlobalSection(SolutionConfigurationPlatforms) = preSolution
		Debug|Any CPU = Debug|Any CPU
		Release|Any CPU = Release|Any CPU
	EndGlobalSection
	GlobalSection(ProjectConfigurationPlatforms) = postSolution
		{D70B50E4-E9C9-42B0-90B2-5441417A04B6}.Debug|Any CPU.ActiveCfg = Debug|Any CPU
		{D70B50E4-E9C9-42B0-90B2-5441417A04B6}.Debug|Any CPU.Build.0 = Debug|Any CPU
		{D70B50E4-E9C9-42B0-90B2-5441417A04B6}.Release|Any CPU.ActiveCfg = Release|Any CPU
		{D70B50E4-E9C9-42B0-90B2-5441417A04B6}.Release|Any CPU.Build.0 = Release|Any CPU
		{1E0EA91F-C384-4482-BD45-FC5C3A2B6A5A}.Debug|Any CPU.ActiveCfg = Debug|Any CPU
		{1E0EA91F-C384-4482-BD45-FC5C3A2B6A5A}.Debug|Any CPU.Build.0 = Debug|Any CPU
		{1E0EA91F-C384-4482-BD45-FC5C3A2B6A5A}.Release|Any CPU.ActiveCfg = Release|Any CPU
		{1E0EA91F-C384-4482-BD45-FC5C3A2B6A5A}.Release|Any CPU.Build.0 = Release|Any CPU
	EndGlobalSection
	GlobalSection(SolutionProperties) = preSolution
		HideSolutionNode = FALSE
	EndGlobalSection
	GlobalSection(ExtensibilityGlobals) = postSolution
		SolutionGuid = {FB732DB5-E8D8-426F-B077-0C34D52849C5}
	EndGlobalSection
EndGlobal
